
Microsoft Visual Studio Solution File, Format Version 12.00
# Visual Studio Version 17
VisualStudioVersion = 17.7.34031.279
MinimumVisualStudioVersion = 10.0.40219.1
Project("{FAE04EC0-301F-11D3-BF4B-00C04F79EFBC}") = "Login", "Login\Login.csproj", "{D437C8F8-4EAA-4EAC-82F4-97254AF11CAC}"
EndProject
Project("{FAE04EC0-301F-11D3-BF4B-00C04F79EFBC}") = "LoginDatos", "LoginDatos\LoginDatos.csproj", "{A659E0F1-A090-4ADA-830B-C380C8861B60}"
EndProject
Project("{FAE04EC0-301F-11D3-BF4B-00C04F79EFBC}") = "LoginNegocios", "LoginNegocios\LoginNegocios.csproj", "{A9D49536-4A2D-45EC-8034-E8C693CB3AC8}"
EndProject
Global
	GlobalSection(SolutionConfigurationPlatforms) = preSolution
		Debug|Any CPU = Debug|Any CPU
		Release|Any CPU = Release|Any CPU
	EndGlobalSection
	GlobalSection(ProjectConfigurationPlatforms) = postSolution
		{D437C8F8-4EAA-4EAC-82F4-97254AF11CAC}.Debug|Any CPU.ActiveCfg = Debug|Any CPU
		{D437C8F8-4EAA-4EAC-82F4-97254AF11CAC}.Debug|Any CPU.Build.0 = Debug|Any CPU
		{D437C8F8-4EAA-4EAC-82F4-97254AF11CAC}.Release|Any CPU.ActiveCfg = Release|Any CPU
		{D437C8F8-4EAA-4EAC-82F4-97254AF11CAC}.Release|Any CPU.Build.0 = Release|Any CPU
		{A659E0F1-A090-4ADA-830B-C380C8861B60}.Debug|Any CPU.ActiveCfg = Debug|Any CPU
		{A659E0F1-A090-4ADA-830B-C380C8861B60}.Debug|Any CPU.Build.0 = Debug|Any CPU
		{A659E0F1-A090-4ADA-830B-C380C8861B60}.Release|Any CPU.ActiveCfg = Release|Any CPU
		{A659E0F1-A090-4ADA-830B-C380C8861B60}.Release|Any CPU.Build.0 = Release|Any CPU
		{A9D49536-4A2D-45EC-8034-E8C693CB3AC8}.Debug|Any CPU.ActiveCfg = Debug|Any CPU
		{A9D49536-4A2D-45EC-8034-E8C693CB3AC8}.Debug|Any CPU.Build.0 = Debug|Any CPU
		{A9D49536-4A2D-45EC-8034-E8C693CB3AC8}.Release|Any CPU.ActiveCfg = Release|Any CPU
		{A9D49536-4A2D-45EC-8034-E8C693CB3AC8}.Release|Any CPU.Build.0 = Release|Any CPU
	EndGlobalSection
	GlobalSection(SolutionProperties) = preSolution
		HideSolutionNode = FALSE
	EndGlobalSection
	GlobalSection(ExtensibilityGlobals) = postSolution
		SolutionGuid = {3878E1E7-E477-4764-9173-63A011C374F7}
	EndGlobalSection
EndGlobal
